
Microsoft Visual Studio Solution File, Format Version 12.00
# Visual Studio Version 16
VisualStudioVersion = 16.0.30413.136
MinimumVisualStudioVersion = 10.0.40219.1
Project("{FAE04EC0-301F-11D3-BF4B-00C04F79EFBC}") = "GlobalGamesCET50", "GlobalGamesCET50\GlobalGamesCET50.csproj", "{8EF7F6FF-6496-401E-8AB9-9D51396EC091}"
EndProject
Global
	GlobalSection(SolutionConfigurationPlatforms) = preSolution
		Debug|Any CPU = Debug|Any CPU
		Release|Any CPU = Release|Any CPU
	EndGlobalSection
	GlobalSection(ProjectConfigurationPlatforms) = postSolution
		{8EF7F6FF-6496-401E-8AB9-9D51396EC091}.Debug|Any CPU.ActiveCfg = Debug|Any CPU
		{8EF7F6FF-6496-401E-8AB9-9D51396EC091}.Debug|Any CPU.Build.0 = Debug|Any CPU
		{8EF7F6FF-6496-401E-8AB9-9D51396EC091}.Release|Any CPU.ActiveCfg = Release|Any CPU
		{8EF7F6FF-6496-401E-8AB9-9D51396EC091}.Release|Any CPU.Build.0 = Release|Any CPU
	EndGlobalSection
	GlobalSection(SolutionProperties) = preSolution
		HideSolutionNode = FALSE
	EndGlobalSection
	GlobalSection(ExtensibilityGlobals) = postSolution
		SolutionGuid = {9AA53961-1CDC-4068-8DF8-BD479BA1C112}
	EndGlobalSection
EndGlobal
